
Microsoft Visual Studio Solution File, Format Version 12.00
# Visual Studio Version 17
VisualStudioVersion = 17.10.34916.146
MinimumVisualStudioVersion = 10.0.40219.1
Project("{9A19103F-16F7-4668-BE54-9A1E7A4F7556}") = "SistemaDeOcorrencias", "SistemaDeOcorrencias.csproj", "{3A10C3D2-D55F-46F8-A9BF-A507D312F227}"
EndProject
Global
	GlobalSection(SolutionConfigurationPlatforms) = preSolution
		Debug|Any CPU = Debug|Any CPU
		Release|Any CPU = Release|Any CPU
	EndGlobalSection
	GlobalSection(ProjectConfigurationPlatforms) = postSolution
		{3A10C3D2-D55F-46F8-A9BF-A507D312F227}.Debug|Any CPU.ActiveCfg = Debug|Any CPU
		{3A10C3D2-D55F-46F8-A9BF-A507D312F227}.Debug|Any CPU.Build.0 = Debug|Any CPU
		{3A10C3D2-D55F-46F8-A9BF-A507D312F227}.Release|Any CPU.ActiveCfg = Release|Any CPU
		{3A10C3D2-D55F-46F8-A9BF-A507D312F227}.Release|Any CPU.Build.0 = Release|Any CPU
	EndGlobalSection
	GlobalSection(SolutionProperties) = preSolution
		HideSolutionNode = FALSE
	EndGlobalSection
	GlobalSection(ExtensibilityGlobals) = postSolution
		SolutionGuid = {AF5EE78B-D63D-4F1D-867A-62901997828C}
	EndGlobalSection
EndGlobal
